// !$*UTF8*$!
{
	archiveVersion = 1;
	classes = {
	};
	objectVersion = 56;
	objects = {

/* Begin PBXBuildFile section */
		2826FBBE2AC456020038F63B /* Errors.swift in Sources */ = {isa = PBXBuildFile; fileRef = 2826FBBD2AC456020038F63B /* Errors.swift */; };
		28319B7E2A6AB8E0000AB222 /* WeatherApp.swift in Sources */ = {isa = PBXBuildFile; fileRef = 28319B7D2A6AB8E0000AB222 /* WeatherApp.swift */; };
		28319B802A6AB8E0000AB222 /* ContentView.swift in Sources */ = {isa = PBXBuildFile; fileRef = 28319B7F2A6AB8E0000AB222 /* ContentView.swift */; };
		28319B822A6AB8E1000AB222 /* Assets.xcassets in Resources */ = {isa = PBXBuildFile; fileRef = 28319B812A6AB8E1000AB222 /* Assets.xcassets */; };
		28319B852A6AB8E1000AB222 /* Preview Assets.xcassets in Resources */ = {isa = PBXBuildFile; fileRef = 28319B842A6AB8E1000AB222 /* Preview Assets.xcassets */; };
		28319B8C2A6B0166000AB222 /* FindCoordinateModel.swift in Sources */ = {isa = PBXBuildFile; fileRef = 28319B8B2A6B0166000AB222 /* FindCoordinateModel.swift */; };
		28319B8E2A6B01FB000AB222 /* ViewModel.swift in Sources */ = {isa = PBXBuildFile; fileRef = 28319B8D2A6B01FB000AB222 /* ViewModel.swift */; };
		28319B902A6B059F000AB222 /* ForecastModel.swift in Sources */ = {isa = PBXBuildFile; fileRef = 28319B8F2A6B059F000AB222 /* ForecastModel.swift */; };
		285747572A6D40B3002B8BFD /* WeatherParametersView.swift in Sources */ = {isa = PBXBuildFile; fileRef = 285747562A6D40B3002B8BFD /* WeatherParametersView.swift */; };
		285747592A6D51D8002B8BFD /* ForecastCardView.swift in Sources */ = {isa = PBXBuildFile; fileRef = 285747582A6D51D8002B8BFD /* ForecastCardView.swift */; };
		285AFFCD2A840BCB00CE8D40 /* worldcities.csv in Resources */ = {isa = PBXBuildFile; fileRef = 285AFFCC2A840BCB00CE8D40 /* worldcities.csv */; };
		285AFFCF2A840BF400CE8D40 /* CityModel.swift in Sources */ = {isa = PBXBuildFile; fileRef = 285AFFCE2A840BF400CE8D40 /* CityModel.swift */; };
		28659A122AC2F1050079CEBB /* Place.swift in Sources */ = {isa = PBXBuildFile; fileRef = 28659A112AC2F1050079CEBB /* Place.swift */; };
		28659A142AC2F4170079CEBB /* PlaceViewModel.swift in Sources */ = {isa = PBXBuildFile; fileRef = 28659A132AC2F4170079CEBB /* PlaceViewModel.swift */; };
		286D44462AACF3E4006A2599 /* SearchView.swift in Sources */ = {isa = PBXBuildFile; fileRef = 286D44452AACF3E4006A2599 /* SearchView.swift */; };
		286D44482AACFA73006A2599 /* ChooseCity.swift in Sources */ = {isa = PBXBuildFile; fileRef = 286D44472AACFA73006A2599 /* ChooseCity.swift */; };
		286D444A2AAD170C006A2599 /* WeeklyForecastModel.swift in Sources */ = {isa = PBXBuildFile; fileRef = 286D44492AAD170C006A2599 /* WeeklyForecastModel.swift */; };
		2875ABEF2A715F70005335AA /* CircleButton.swift in Sources */ = {isa = PBXBuildFile; fileRef = 2875ABEE2A715F70005335AA /* CircleButton.swift */; };
		2875ABF22A71603E005335AA /* Color.swift in Sources */ = {isa = PBXBuildFile; fileRef = 2875ABF12A71603E005335AA /* Color.swift */; };
		2883FE502AAE05E900B35E2F /* MainTemperatureView.swift in Sources */ = {isa = PBXBuildFile; fileRef = 2883FE4F2AAE05E900B35E2F /* MainTemperatureView.swift */; };
		28DA7D7C2A8421A000AB332B /* CityListView.swift in Sources */ = {isa = PBXBuildFile; fileRef = 28DA7D7B2A8421A000AB332B /* CityListView.swift */; };
		28DA7D7E2A84222900AB332B /* CitiesViewModel.swift in Sources */ = {isa = PBXBuildFile; fileRef = 28DA7D7D2A84222900AB332B /* CitiesViewModel.swift */; };
		28DDE1862AAD382300FA259C /* String.swift in Sources */ = {isa = PBXBuildFile; fileRef = 28DDE1852AAD382300FA259C /* String.swift */; };
		28E06C952AC1FF3E00E33941 /* LocationManager.swift in Sources */ = {isa = PBXBuildFile; fileRef = 28E06C942AC1FF3E00E33941 /* LocationManager.swift */; };
		28E06C982AC22EDA00E33941 /* ForecastCardDetailedView.swift in Sources */ = {isa = PBXBuildFile; fileRef = 28E06C972AC22EDA00E33941 /* ForecastCardDetailedView.swift */; };
		28E15E252AAE6742006120DB /* CityCardView.swift in Sources */ = {isa = PBXBuildFile; fileRef = 28E15E242AAE6742006120DB /* CityCardView.swift */; };
		28F5B39A2A71641100B2189C /* PriviewProvider.swift in Sources */ = {isa = PBXBuildFile; fileRef = 28F5B3992A71641100B2189C /* PriviewProvider.swift */; };
		28F5B39C2A718C1600B2189C /* Date.swift in Sources */ = {isa = PBXBuildFile; fileRef = 28F5B39B2A718C1600B2189C /* Date.swift */; };
		28FD6A462AC334EA00D3D476 /* City.swift in Sources */ = {isa = PBXBuildFile; fileRef = 28FD6A452AC334EA00D3D476 /* City.swift */; };
		28FD6A482AC357C300D3D476 /* MainView.swift in Sources */ = {isa = PBXBuildFile; fileRef = 28FD6A472AC357C300D3D476 /* MainView.swift */; };
/* End PBXBuildFile section */

/* Begin PBXFileReference section */
		2826FBBD2AC456020038F63B /* Errors.swift */ = {isa = PBXFileReference; lastKnownFileType = sourcecode.swift; path = Errors.swift; sourceTree = "<group>"; };
		28319B7A2A6AB8E0000AB222 /* Weather.app */ = {isa = PBXFileReference; explicitFileType = wrapper.application; includeInIndex = 0; path = Weather.app; sourceTree = BUILT_PRODUCTS_DIR; };
		28319B7D2A6AB8E0000AB222 /* WeatherApp.swift */ = {isa = PBXFileReference; lastKnownFileType = sourcecode.swift; path = WeatherApp.swift; sourceTree = "<group>"; };
		28319B7F2A6AB8E0000AB222 /* ContentView.swift */ = {isa = PBXFileReference; lastKnownFileType = sourcecode.swift; path = ContentView.swift; sourceTree = "<group>"; };
		28319B812A6AB8E1000AB222 /* Assets.xcassets */ = {isa = PBXFileReference; lastKnownFileType = folder.assetcatalog; path = Assets.xcassets; sourceTree = "<group>"; };
		28319B842A6AB8E1000AB222 /* Preview Assets.xcassets */ = {isa = PBXFileReference; lastKnownFileType = folder.assetcatalog; path = "Preview Assets.xcassets"; sourceTree = "<group>"; };
		28319B8B2A6B0166000AB222 /* FindCoordinateModel.swift */ = {isa = PBXFileReference; lastKnownFileType = sourcecode.swift; path = FindCoordinateModel.swift; sourceTree = "<group>"; };
		28319B8D2A6B01FB000AB222 /* ViewModel.swift */ = {isa = PBXFileReference; lastKnownFileType = sourcecode.swift; path = ViewModel.swift; sourceTree = "<group>"; };
		28319B8F2A6B059F000AB222 /* ForecastModel.swift */ = {isa = PBXFileReference; lastKnownFileType = sourcecode.swift; path = ForecastModel.swift; sourceTree = "<group>"; };
		285747562A6D40B3002B8BFD /* WeatherParametersView.swift */ = {isa = PBXFileReference; lastKnownFileType = sourcecode.swift; path = WeatherParametersView.swift; sourceTree = "<group>"; };
		285747582A6D51D8002B8BFD /* ForecastCardView.swift */ = {isa = PBXFileReference; lastKnownFileType = sourcecode.swift; path = ForecastCardView.swift; sourceTree = "<group>"; };
		285AFFCC2A840BCB00CE8D40 /* worldcities.csv */ = {isa = PBXFileReference; fileEncoding = 4; lastKnownFileType = text; path = worldcities.csv; sourceTree = "<group>"; };
		285AFFCE2A840BF400CE8D40 /* CityModel.swift */ = {isa = PBXFileReference; lastKnownFileType = sourcecode.swift; path = CityModel.swift; sourceTree = "<group>"; };
		28659A112AC2F1050079CEBB /* Place.swift */ = {isa = PBXFileReference; lastKnownFileType = sourcecode.swift; path = Place.swift; sourceTree = "<group>"; };
		28659A132AC2F4170079CEBB /* PlaceViewModel.swift */ = {isa = PBXFileReference; lastKnownFileType = sourcecode.swift; path = PlaceViewModel.swift; sourceTree = "<group>"; };
		286D44452AACF3E4006A2599 /* SearchView.swift */ = {isa = PBXFileReference; lastKnownFileType = sourcecode.swift; path = SearchView.swift; sourceTree = "<group>"; };
		286D44472AACFA73006A2599 /* ChooseCity.swift */ = {isa = PBXFileReference; lastKnownFileType = sourcecode.swift; path = ChooseCity.swift; sourceTree = "<group>"; };
		286D44492AAD170C006A2599 /* WeeklyForecastModel.swift */ = {isa = PBXFileReference; lastKnownFileType = sourcecode.swift; path = WeeklyForecastModel.swift; sourceTree = "<group>"; };
		2875ABEE2A715F70005335AA /* CircleButton.swift */ = {isa = PBXFileReference; lastKnownFileType = sourcecode.swift; path = CircleButton.swift; sourceTree = "<group>"; };
		2875ABF12A71603E005335AA /* Color.swift */ = {isa = PBXFileReference; lastKnownFileType = sourcecode.swift; path = Color.swift; sourceTree = "<group>"; };
		2883FE4F2AAE05E900B35E2F /* MainTemperatureView.swift */ = {isa = PBXFileReference; lastKnownFileType = sourcecode.swift; path = MainTemperatureView.swift; sourceTree = "<group>"; };
		28DA7D7B2A8421A000AB332B /* CityListView.swift */ = {isa = PBXFileReference; lastKnownFileType = sourcecode.swift; path = CityListView.swift; sourceTree = "<group>"; };
		28DA7D7D2A84222900AB332B /* CitiesViewModel.swift */ = {isa = PBXFileReference; lastKnownFileType = sourcecode.swift; path = CitiesViewModel.swift; sourceTree = "<group>"; };
		28DDE1852AAD382300FA259C /* String.swift */ = {isa = PBXFileReference; lastKnownFileType = sourcecode.swift; path = String.swift; sourceTree = "<group>"; };
		28E06C942AC1FF3E00E33941 /* LocationManager.swift */ = {isa = PBXFileReference; lastKnownFileType = sourcecode.swift; path = LocationManager.swift; sourceTree = "<group>"; };
		28E06C962AC20C4E00E33941 /* Info.plist */ = {isa = PBXFileReference; lastKnownFileType = text.plist; path = Info.plist; sourceTree = "<group>"; };
		28E06C972AC22EDA00E33941 /* ForecastCardDetailedView.swift */ = {isa = PBXFileReference; lastKnownFileType = sourcecode.swift; path = ForecastCardDetailedView.swift; sourceTree = "<group>"; };
		28E15E242AAE6742006120DB /* CityCardView.swift */ = {isa = PBXFileReference; lastKnownFileType = sourcecode.swift; path = CityCardView.swift; sourceTree = "<group>"; };
		28F5B3992A71641100B2189C /* PriviewProvider.swift */ = {isa = PBXFileReference; lastKnownFileType = sourcecode.swift; path = PriviewProvider.swift; sourceTree = "<group>"; };
		28F5B39B2A718C1600B2189C /* Date.swift */ = {isa = PBXFileReference; lastKnownFileType = sourcecode.swift; path = Date.swift; sourceTree = "<group>"; };
		28FD6A452AC334EA00D3D476 /* City.swift */ = {isa = PBXFileReference; lastKnownFileType = sourcecode.swift; path = City.swift; sourceTree = "<group>"; };
		28FD6A472AC357C300D3D476 /* MainView.swift */ = {isa = PBXFileReference; lastKnownFileType = sourcecode.swift; path = MainView.swift; sourceTree = "<group>"; };
/* End PBXFileReference section */

/* Begin PBXFrameworksBuildPhase section */
		28319B772A6AB8E0000AB222 /* Frameworks */ = {
			isa = PBXFrameworksBuildPhase;
			buildActionMask = 2147483647;
			files = (
			);
			runOnlyForDeploymentPostprocessing = 0;
		};
/* End PBXFrameworksBuildPhase section */

/* Begin PBXGroup section */
		28319B712A6AB8E0000AB222 = {
			isa = PBXGroup;
			children = (
				28E06C942AC1FF3E00E33941 /* LocationManager.swift */,
				28319B7D2A6AB8E0000AB222 /* WeatherApp.swift */,
				28319B7C2A6AB8E0000AB222 /* Weather */,
				28319B7B2A6AB8E0000AB222 /* Products */,
			);
			sourceTree = "<group>";
		};
		28319B7B2A6AB8E0000AB222 /* Products */ = {
			isa = PBXGroup;
			children = (
				28319B7A2A6AB8E0000AB222 /* Weather.app */,
			);
			name = Products;
			sourceTree = "<group>";
		};
		28319B7C2A6AB8E0000AB222 /* Weather */ = {
			isa = PBXGroup;
			children = (
				28E06C962AC20C4E00E33941 /* Info.plist */,
				2875ABF02A715FFE005335AA /* Extensions */,
				28319B8D2A6B01FB000AB222 /* ViewModel.swift */,
				28DA7D7D2A84222900AB332B /* CitiesViewModel.swift */,
				2875ABED2A71332D005335AA /* VIew */,
				285747552A6C0237002B8BFD /* Models */,
				28319B812A6AB8E1000AB222 /* Assets.xcassets */,
				285AFFCC2A840BCB00CE8D40 /* worldcities.csv */,
				28319B832A6AB8E1000AB222 /* Preview Content */,
				28659A112AC2F1050079CEBB /* Place.swift */,
				28659A132AC2F4170079CEBB /* PlaceViewModel.swift */,
				2826FBBD2AC456020038F63B /* Errors.swift */,
			);
			path = Weather;
			sourceTree = "<group>";
		};
		28319B832A6AB8E1000AB222 /* Preview Content */ = {
			isa = PBXGroup;
			children = (
				28319B842A6AB8E1000AB222 /* Preview Assets.xcassets */,
			);
			path = "Preview Content";
			sourceTree = "<group>";
		};
		285747552A6C0237002B8BFD /* Models */ = {
			isa = PBXGroup;
			children = (
				28319B8F2A6B059F000AB222 /* ForecastModel.swift */,
				286D44492AAD170C006A2599 /* WeeklyForecastModel.swift */,
				28319B8B2A6B0166000AB222 /* FindCoordinateModel.swift */,
				285AFFCE2A840BF400CE8D40 /* CityModel.swift */,
				28FD6A452AC334EA00D3D476 /* City.swift */,
			);
			path = Models;
			sourceTree = "<group>";
		};
		2875ABED2A71332D005335AA /* VIew */ = {
			isa = PBXGroup;
			children = (
				28319B7F2A6AB8E0000AB222 /* ContentView.swift */,
				28E15E242AAE6742006120DB /* CityCardView.swift */,
				28FD6A472AC357C300D3D476 /* MainView.swift */,
				2883FE4F2AAE05E900B35E2F /* MainTemperatureView.swift */,
				286D44452AACF3E4006A2599 /* SearchView.swift */,
				286D44472AACFA73006A2599 /* ChooseCity.swift */,
				285747582A6D51D8002B8BFD /* ForecastCardView.swift */,
				28E06C972AC22EDA00E33941 /* ForecastCardDetailedView.swift */,
				285747562A6D40B3002B8BFD /* WeatherParametersView.swift */,
				2875ABEE2A715F70005335AA /* CircleButton.swift */,
				28DA7D7B2A8421A000AB332B /* CityListView.swift */,
			);
			path = VIew;
			sourceTree = "<group>";
		};
		2875ABF02A715FFE005335AA /* Extensions */ = {
			isa = PBXGroup;
			children = (
				2875ABF12A71603E005335AA /* Color.swift */,
				28F5B3992A71641100B2189C /* PriviewProvider.swift */,
				28F5B39B2A718C1600B2189C /* Date.swift */,
				28DDE1852AAD382300FA259C /* String.swift */,
			);
			path = Extensions;
			sourceTree = "<group>";
		};
/* End PBXGroup section */

/* Begin PBXNativeTarget section */
		28319B792A6AB8E0000AB222 /* Weather */ = {
			isa = PBXNativeTarget;
			buildConfigurationList = 28319B882A6AB8E1000AB222 /* Build configuration list for PBXNativeTarget "Weather" */;
			buildPhases = (
				28319B762A6AB8E0000AB222 /* Sources */,
				28319B772A6AB8E0000AB222 /* Frameworks */,
				28319B782A6AB8E0000AB222 /* Resources */,
			);
			buildRules = (
			);
			dependencies = (
			);
			name = Weather;
			productName = Weather;
			productReference = 28319B7A2A6AB8E0000AB222 /* Weather.app */;
			productType = "com.apple.product-type.application";
		};
/* End PBXNativeTarget section */

/* Begin PBXProject section */
		28319B722A6AB8E0000AB222 /* Project object */ = {
			isa = PBXProject;
			attributes = {
				BuildIndependentTargetsInParallel = 1;
				LastSwiftUpdateCheck = 1400;
				LastUpgradeCheck = 1400;
				TargetAttributes = {
					28319B792A6AB8E0000AB222 = {
						CreatedOnToolsVersion = 14.0.1;
					};
				};
			};
			buildConfigurationList = 28319B752A6AB8E0000AB222 /* Build configuration list for PBXProject "Weather" */;
			compatibilityVersion = "Xcode 14.0";
			developmentRegion = en;
			hasScannedForEncodings = 0;
			knownRegions = (
				en,
				Base,
			);
			mainGroup = 28319B712A6AB8E0000AB222;
			productRefGroup = 28319B7B2A6AB8E0000AB222 /* Products */;
			projectDirPath = "";
			projectRoot = "";
			targets = (
				28319B792A6AB8E0000AB222 /* Weather */,
			);
		};
/* End PBXProject section */

/* Begin PBXResourcesBuildPhase section */
		28319B782A6AB8E0000AB222 /* Resources */ = {
			isa = PBXResourcesBuildPhase;
			buildActionMask = 2147483647;
			files = (
				285AFFCD2A840BCB00CE8D40 /* worldcities.csv in Resources */,
				28319B852A6AB8E1000AB222 /* Preview Assets.xcassets in Resources */,
				28319B822A6AB8E1000AB222 /* Assets.xcassets in Resources */,
			);
			runOnlyForDeploymentPostprocessing = 0;
		};
/* End PBXResourcesBuildPhase section */

/* Begin PBXSourcesBuildPhase section */
		28319B762A6AB8E0000AB222 /* Sources */ = {
			isa = PBXSourcesBuildPhase;
			buildActionMask = 2147483647;
			files = (
				28659A122AC2F1050079CEBB /* Place.swift in Sources */,
				28FD6A482AC357C300D3D476 /* MainView.swift in Sources */,
				28319B802A6AB8E0000AB222 /* ContentView.swift in Sources */,
				28319B7E2A6AB8E0000AB222 /* WeatherApp.swift in Sources */,
				28319B8E2A6B01FB000AB222 /* ViewModel.swift in Sources */,
				28E06C982AC22EDA00E33941 /* ForecastCardDetailedView.swift in Sources */,
				28DA7D7E2A84222900AB332B /* CitiesViewModel.swift in Sources */,
				2826FBBE2AC456020038F63B /* Errors.swift in Sources */,
				28FD6A462AC334EA00D3D476 /* City.swift in Sources */,
				2875ABEF2A715F70005335AA /* CircleButton.swift in Sources */,
				286D44482AACFA73006A2599 /* ChooseCity.swift in Sources */,
				2883FE502AAE05E900B35E2F /* MainTemperatureView.swift in Sources */,
				285747572A6D40B3002B8BFD /* WeatherParametersView.swift in Sources */,
				286D444A2AAD170C006A2599 /* WeeklyForecastModel.swift in Sources */,
				28F5B39A2A71641100B2189C /* PriviewProvider.swift in Sources */,
				285747592A6D51D8002B8BFD /* ForecastCardView.swift in Sources */,
				28319B902A6B059F000AB222 /* ForecastModel.swift in Sources */,
				285AFFCF2A840BF400CE8D40 /* CityModel.swift in Sources */,
				28DDE1862AAD382300FA259C /* String.swift in Sources */,
				28659A142AC2F4170079CEBB /* PlaceViewModel.swift in Sources */,
				286D44462AACF3E4006A2599 /* SearchView.swift in Sources */,
				28F5B39C2A718C1600B2189C /* Date.swift in Sources */,
				28319B8C2A6B0166000AB222 /* FindCoordinateModel.swift in Sources */,
				28E06C952AC1FF3E00E33941 /* LocationManager.swift in Sources */,
				2875ABF22A71603E005335AA /* Color.swift in Sources */,
				28DA7D7C2A8421A000AB332B /* CityListView.swift in Sources */,
				28E15E252AAE6742006120DB /* CityCardView.swift in Sources */,
			);
			runOnlyForDeploymentPostprocessing = 0;
		};
/* End PBXSourcesBuildPhase section */

/* Begin XCBuildConfiguration section */
		28319B862A6AB8E1000AB222 /* Debug */ = {
			isa = XCBuildConfiguration;
			buildSettings = {
				ALWAYS_SEARCH_USER_PATHS = NO;
				CLANG_ANALYZER_NONNULL = YES;
				CLANG_ANALYZER_NUMBER_OBJECT_CONVERSION = YES_AGGRESSIVE;
				CLANG_CXX_LANGUAGE_STANDARD = "gnu++20";
				CLANG_ENABLE_MODULES = YES;
				CLANG_ENABLE_OBJC_ARC = YES;
				CLANG_ENABLE_OBJC_WEAK = YES;
				CLANG_WARN_BLOCK_CAPTURE_AUTORELEASING = YES;
				CLANG_WARN_BOOL_CONVERSION = YES;
				CLANG_WARN_COMMA = YES;
				CLANG_WARN_CONSTANT_CONVERSION = YES;
				CLANG_WARN_DEPRECATED_OBJC_IMPLEMENTATIONS = YES;
				CLANG_WARN_DIRECT_OBJC_ISA_USAGE = YES_ERROR;
				CLANG_WARN_DOCUMENTATION_COMMENTS = YES;
				CLANG_WARN_EMPTY_BODY = YES;
				CLANG_WARN_ENUM_CONVERSION = YES;
				CLANG_WARN_INFINITE_RECURSION = YES;
				CLANG_WARN_INT_CONVERSION = YES;
				CLANG_WARN_NON_LITERAL_NULL_CONVERSION = YES;
				CLANG_WARN_OBJC_IMPLICIT_RETAIN_SELF = YES;
				CLANG_WARN_OBJC_LITERAL_CONVERSION = YES;
				CLANG_WARN_OBJC_ROOT_CLASS = YES_ERROR;
				CLANG_WARN_QUOTED_INCLUDE_IN_FRAMEWORK_HEADER = YES;
				CLANG_WARN_RANGE_LOOP_ANALYSIS = YES;
				CLANG_WARN_STRICT_PROTOTYPES = YES;
				CLANG_WARN_SUSPICIOUS_MOVE = YES;
				CLANG_WARN_UNGUARDED_AVAILABILITY = YES_AGGRESSIVE;
				CLANG_WARN_UNREACHABLE_CODE = YES;
				CLANG_WARN__DUPLICATE_METHOD_MATCH = YES;
				COPY_PHASE_STRIP = NO;
				DEBUG_INFORMATION_FORMAT = dwarf;
				ENABLE_STRICT_OBJC_MSGSEND = YES;
				ENABLE_TESTABILITY = YES;
				GCC_C_LANGUAGE_STANDARD = gnu11;
				GCC_DYNAMIC_NO_PIC = NO;
				GCC_NO_COMMON_BLOCKS = YES;
				GCC_OPTIMIZATION_LEVEL = 0;
				GCC_PREPROCESSOR_DEFINITIONS = (
					"DEBUG=1",
					"$(inherited)",
				);
				GCC_WARN_64_TO_32_BIT_CONVERSION = YES;
				GCC_WARN_ABOUT_RETURN_TYPE = YES_ERROR;
				GCC_WARN_UNDECLARED_SELECTOR = YES;
				GCC_WARN_UNINITIALIZED_AUTOS = YES_AGGRESSIVE;
				GCC_WARN_UNUSED_FUNCTION = YES;
				GCC_WARN_UNUSED_VARIABLE = YES;
				IPHONEOS_DEPLOYMENT_TARGET = 16.0;
				MTL_ENABLE_DEBUG_INFO = INCLUDE_SOURCE;
				MTL_FAST_MATH = YES;
				ONLY_ACTIVE_ARCH = YES;
				SDKROOT = iphoneos;
				SWIFT_ACTIVE_COMPILATION_CONDITIONS = DEBUG;
				SWIFT_OPTIMIZATION_LEVEL = "-Onone";
			};
			name = Debug;
		};
		28319B872A6AB8E1000AB222 /* Release */ = {
			isa = XCBuildConfiguration;
			buildSettings = {
				ALWAYS_SEARCH_USER_PATHS = NO;
				CLANG_ANALYZER_NONNULL = YES;
				CLANG_ANALYZER_NUMBER_OBJECT_CONVERSION = YES_AGGRESSIVE;
				CLANG_CXX_LANGUAGE_STANDARD = "gnu++20";
				CLANG_ENABLE_MODULES = YES;
				CLANG_ENABLE_OBJC_ARC = YES;
				CLANG_ENABLE_OBJC_WEAK = YES;
				CLANG_WARN_BLOCK_CAPTURE_AUTORELEASING = YES;
				CLANG_WARN_BOOL_CONVERSION = YES;
				CLANG_WARN_COMMA = YES;
				CLANG_WARN_CONSTANT_CONVERSION = YES;
				CLANG_WARN_DEPRECATED_OBJC_IMPLEMENTATIONS = YES;
				CLANG_WARN_DIRECT_OBJC_ISA_USAGE = YES_ERROR;
				CLANG_WARN_DOCUMENTATION_COMMENTS = YES;
				CLANG_WARN_EMPTY_BODY = YES;
				CLANG_WARN_ENUM_CONVERSION = YES;
				CLANG_WARN_INFINITE_RECURSION = YES;
				CLANG_WARN_INT_CONVERSION = YES;
				CLANG_WARN_NON_LITERAL_NULL_CONVERSION = YES;
				CLANG_WARN_OBJC_IMPLICIT_RETAIN_SELF = YES;
				CLANG_WARN_OBJC_LITERAL_CONVERSION = YES;
				CLANG_WARN_OBJC_ROOT_CLASS = YES_ERROR;
				CLANG_WARN_QUOTED_INCLUDE_IN_FRAMEWORK_HEADER = YES;
				CLANG_WARN_RANGE_LOOP_ANALYSIS = YES;
				CLANG_WARN_STRICT_PROTOTYPES = YES;
				CLANG_WARN_SUSPICIOUS_MOVE = YES;
				CLANG_WARN_UNGUARDED_AVAILABILITY = YES_AGGRESSIVE;
				CLANG_WARN_UNREACHABLE_CODE = YES;
				CLANG_WARN__DUPLICATE_METHOD_MATCH = YES;
				COPY_PHASE_STRIP = NO;
				DEBUG_INFORMATION_FORMAT = "dwarf-with-dsym";
				ENABLE_NS_ASSERTIONS = NO;
				ENABLE_STRICT_OBJC_MSGSEND = YES;
				GCC_C_LANGUAGE_STANDARD = gnu11;
				GCC_NO_COMMON_BLOCKS = YES;
				GCC_WARN_64_TO_32_BIT_CONVERSION = YES;
				GCC_WARN_ABOUT_RETURN_TYPE = YES_ERROR;
				GCC_WARN_UNDECLARED_SELECTOR = YES;
				GCC_WARN_UNINITIALIZED_AUTOS = YES_AGGRESSIVE;
				GCC_WARN_UNUSED_FUNCTION = YES;
				GCC_WARN_UNUSED_VARIABLE = YES;
				IPHONEOS_DEPLOYMENT_TARGET = 16.0;
				MTL_ENABLE_DEBUG_INFO = NO;
				MTL_FAST_MATH = YES;
				SDKROOT = iphoneos;
				SWIFT_COMPILATION_MODE = wholemodule;
				SWIFT_OPTIMIZATION_LEVEL = "-O";
				VALIDATE_PRODUCT = YES;
			};
			name = Release;
		};
		28319B892A6AB8E1000AB222 /* Debug */ = {
			isa = XCBuildConfiguration;
			buildSettings = {
				ASSETCATALOG_COMPILER_APPICON_NAME = AppIcon;
				ASSETCATALOG_COMPILER_GLOBAL_ACCENT_COLOR_NAME = AccentColor;
				CODE_SIGN_STYLE = Automatic;
				CURRENT_PROJECT_VERSION = 1;
				DEVELOPMENT_ASSET_PATHS = "\"Weather/Preview Content\"";
				DEVELOPMENT_TEAM = 4DJRKPZ347;
				ENABLE_PREVIEWS = YES;
				GENERATE_INFOPLIST_FILE = YES;
				INFOPLIST_FILE = Weather/Info.plist;
				INFOPLIST_KEY_NSLocationAlwaysAndWhenInUseUsageDescription = "This app requires access to the device's location";
				INFOPLIST_KEY_NSLocationWhenInUseUsageDescription = "This app requires access to the device's location";
				INFOPLIST_KEY_UIApplicationSceneManifest_Generation = YES;
				INFOPLIST_KEY_UIApplicationSupportsIndirectInputEvents = YES;
				INFOPLIST_KEY_UILaunchScreen_Generation = YES;
				INFOPLIST_KEY_UISupportedInterfaceOrientations_iPad = "UIInterfaceOrientationPortrait UIInterfaceOrientationPortraitUpsideDown UIInterfaceOrientationLandscapeLeft UIInterfaceOrientationLandscapeRight";
				INFOPLIST_KEY_UISupportedInterfaceOrientations_iPhone = "UIInterfaceOrientationPortrait UIInterfaceOrientationLandscapeLeft UIInterfaceOrientationLandscapeRight";
				IPHONEOS_DEPLOYMENT_TARGET = 16.0;
				LD_RUNPATH_SEARCH_PATHS = (
					"$(inherited)",
					"@executable_path/Frameworks",
				);
				MARKETING_VERSION = 1.0;
				PRODUCT_BUNDLE_IDENTIFIER = com.gmail.sashasolo23.Weather;
				PRODUCT_NAME = "$(TARGET_NAME)";
				SWIFT_EMIT_LOC_STRINGS = YES;
				SWIFT_VERSION = 5.0;
				TARGETED_DEVICE_FAMILY = "1,2";
			};
			name = Debug;
		};
		28319B8A2A6AB8E1000AB222 /* Release */ = {
			isa = XCBuildConfiguration;
			buildSettings = {
				ASSETCATALOG_COMPILER_APPICON_NAME = AppIcon;
				ASSETCATALOG_COMPILER_GLOBAL_ACCENT_COLOR_NAME = AccentColor;
				CODE_SIGN_STYLE = Automatic;
				CURRENT_PROJECT_VERSION = 1;
				DEVELOPMENT_ASSET_PATHS = "\"Weather/Preview Content\"";
				DEVELOPMENT_TEAM = 4DJRKPZ347;
				ENABLE_PREVIEWS = YES;
				GENERATE_INFOPLIST_FILE = YES;
				INFOPLIST_FILE = Weather/Info.plist;
				INFOPLIST_KEY_NSLocationAlwaysAndWhenInUseUsageDescription = "This app requires access to the device's location";
				INFOPLIST_KEY_NSLocationWhenInUseUsageDescription = "This app requires access to the device's location";
				INFOPLIST_KEY_UIApplicationSceneManifest_Generation = YES;
				INFOPLIST_KEY_UIApplicationSupportsIndirectInputEvents = YES;
				INFOPLIST_KEY_UILaunchScreen_Generation = YES;
				INFOPLIST_KEY_UISupportedInterfaceOrientations_iPad = "UIInterfaceOrientationPortrait UIInterfaceOrientationPortraitUpsideDown UIInterfaceOrientationLandscapeLeft UIInterfaceOrientationLandscapeRight";
				INFOPLIST_KEY_UISupportedInterfaceOrientations_iPhone = "UIInterfaceOrientationPortrait UIInterfaceOrientationLandscapeLeft UIInterfaceOrientationLandscapeRight";
				IPHONEOS_DEPLOYMENT_TARGET = 16.0;
				LD_RUNPATH_SEARCH_PATHS = (
					"$(inherited)",
					"@executable_path/Frameworks",
				);
				MARKETING_VERSION = 1.0;
				PRODUCT_BUNDLE_IDENTIFIER = com.gmail.sashasolo23.Weather;
				PRODUCT_NAME = "$(TARGET_NAME)";
				SWIFT_EMIT_LOC_STRINGS = YES;
				SWIFT_VERSION = 5.0;
				TARGETED_DEVICE_FAMILY = "1,2";
			};
			name = Release;
		};
/* End XCBuildConfiguration section */

/* Begin XCConfigurationList section */
		28319B752A6AB8E0000AB222 /* Build configuration list for PBXProject "Weather" */ = {
			isa = XCConfigurationList;
			buildConfigurations = (
				28319B862A6AB8E1000AB222 /* Debug */,
				28319B872A6AB8E1000AB222 /* Release */,
			);
			defaultConfigurationIsVisible = 0;
			defaultConfigurationName = Release;
		};
		28319B882A6AB8E1000AB222 /* Build configuration list for PBXNativeTarget "Weather" */ = {
			isa = XCConfigurationList;
			buildConfigurations = (
				28319B892A6AB8E1000AB222 /* Debug */,
				28319B8A2A6AB8E1000AB222 /* Release */,
			);
			defaultConfigurationIsVisible = 0;
			defaultConfigurationName = Release;
		};
/* End XCConfigurationList section */
	};
	rootObject = 28319B722A6AB8E0000AB222 /* Project object */;
}
